<Solution>
  <Folder Name="/src/">
    <Project Path="src/Inventario.Api/Inventario.Api.csproj" />
    <Project Path="src/Inventario.Application/Inventario.Application.csproj" />
    <Project Path="src/Inventario.Domain/Inventario.Domain.csproj" />
    <Project Path="src/Inventario.Infrastructure/Inventario.Infrastructure.csproj" />
  </Folder>
  <Folder Name="/tests/">
    <Project Path="tests/Inventario.IntegrationTests/Inventario.IntegrationTests.csproj" />
    <Project Path="tests/Inventario.UnitTests/Inventario.UnitTests.csproj" />
  </Folder>
</Solution>
